<?xml version="1.0" encoding="utf-8"?>
<Project ToolsVersion="4.0" xmlns="http://schemas.microsoft.com/developer/msbuild/2003">
  <ItemGroup>
    <ClCompile Include="algorithms.cpp" />
    <ClCompile Include="..\src\core\pch.cpp">
      <Filter>core</Filter>
    </ClCompile>
    <ClCompile Include="..\libs\precision\precisioncore.cpp">
      <Filter>permutation</Filter>
    </ClCompile>
  </ItemGroup>
  <ItemGroup>
    <Filter Include="core">
      <UniqueIdentifier>{9a46abeb-0034-49ce-9a9f-797db084ba0b}</UniqueIdentifier>
    </Filter>
    <Filter Include="suffixarray">
      <UniqueIdentifier>{446ab468-06b2-45ab-9d0b-7c01db6a6d1b}</UniqueIdentifier>
    </Filter>
    <Filter Include="permutation">
      <UniqueIdentifier>{36cd2a27-fd3e-4392-ab33-025bfdf2dfc1}</UniqueIdentifier>
    </Filter>
    <Filter Include="sorting">
      <UniqueIdentifier>{6b146cdf-beb7-481c-9458-61c9dea81053}</UniqueIdentifier>
    </Filter>
    <Filter Include="string">
      <UniqueIdentifier>{704f2556-5d86-4a0e-bad6-cbd04227a886}</UniqueIdentifier>
    </Filter>
    <Filter Include="misc">
      <UniqueIdentifier>{5e353458-3db4-42de-bcf1-876ab6124fc7}</UniqueIdentifier>
    </Filter>
  </ItemGroup>
  <ItemGroup>
    <ClInclude Include="..\src\permutation\permutation.hpp">
      <Filter>permutation</Filter>
    </ClInclude>
    <ClInclude Include="..\src\core\pch.hpp">
      <Filter>core</Filter>
    </ClInclude>
    <ClInclude Include="..\src\core\noncopyable.hpp">
      <Filter>core</Filter>
    </ClInclude>
    <ClInclude Include="..\src\suffixarray\suffixarray.hpp">
      <Filter>suffixarray</Filter>
    </ClInclude>
    <ClInclude Include="..\src\sorting\merge.hpp">
      <Filter>sorting</Filter>
    </ClInclude>
    <ClInclude Include="..\src\sorting\insertion.hpp">
      <Filter>sorting</Filter>
    </ClInclude>
    <ClInclude Include="..\src\string\strings.hpp">
      <Filter>string</Filter>
    </ClInclude>
    <ClInclude Include="..\src\sorting\topological.hpp">
      <Filter>sorting</Filter>
    </ClInclude>
    <ClInclude Include="..\src\core\factory.hpp">
      <Filter>core</Filter>
    </ClInclude>
    <ClInclude Include="..\src\core\counter.hpp">
      <Filter>core</Filter>
    </ClInclude>
    <ClInclude Include="..\src\core\visitor.hpp">
      <Filter>core</Filter>
    </ClInclude>
    <ClInclude Include="..\src\core\visitable.hpp">
      <Filter>core</Filter>
    </ClInclude>
    <ClInclude Include="..\src\permutation\permutation_entropy.hpp">
      <Filter>permutation</Filter>
    </ClInclude>
    <ClInclude Include="..\src\core\enumerate.hpp">
      <Filter>core</Filter>
    </ClInclude>
    <ClInclude Include="..\src\misc\misc.hpp">
      <Filter>misc</Filter>
    </ClInclude>
  </ItemGroup>
</Project>